
Microsoft Visual Studio Solution File, Format Version 12.00
# Visual Studio 2013
VisualStudioVersion = 12.0.30324.0
MinimumVisualStudioVersion = 10.0.40219.1
Project("{2150E333-8FDC-42A3-9474-1A3956D46DE8}") = "pCloud.NET Client", "pCloud.NET Client", "{B6A305C4-1ACC-45D9-B53E-5ADA5CFA6E1B}"
EndProject
Project("{D954291E-2A0B-460D-934E-DC6B0785DB48}") = "pCloud.NET.Shared", "pCloud.NET\pCloud.NET.Shared\pCloud.NET.Shared.shproj", "{A01EFCAE-F3DA-43DC-9568-B6B31C0AFC4B}"
EndProject
Project("{FAE04EC0-301F-11D3-BF4B-00C04F79EFBC}") = "pCloud.NET.Windows", "pCloud.NET\pCloud.NET.Windows\pCloud.NET.Windows.csproj", "{4FC1B1E9-67A7-4CDF-8118-E4B7ACEE54BB}"
EndProject
Project("{FAE04EC0-301F-11D3-BF4B-00C04F79EFBC}") = "pCloud.NET.WindowsPhone", "pCloud.NET\pCloud.NET.WindowsPhone\pCloud.NET.WindowsPhone.csproj", "{2C4B1565-D6F0-4A1B-AED9-D2154F3F93E7}"
EndProject
Project("{FAE04EC0-301F-11D3-BF4B-00C04F79EFBC}") = "pCloud.NET SDK", "pCloud.NET SDK\pCloud.NET SDK.csproj", "{AB5F5FBA-5EC6-4D62-8E5A-2884B3589919}"
EndProject
Global
	GlobalSection(SharedMSBuildProjectFiles) = preSolution
		pCloud.NET\pCloud.NET.Shared\pCloud.NET.Shared.projitems*{4fc1b1e9-67a7-4cdf-8118-e4b7acee54bb}*SharedItemsImports = 4
		pCloud.NET\pCloud.NET.Shared\pCloud.NET.Shared.projitems*{a01efcae-f3da-43dc-9568-b6b31c0afc4b}*SharedItemsImports = 13
		pCloud.NET\pCloud.NET.Shared\pCloud.NET.Shared.projitems*{2c4b1565-d6f0-4a1b-aed9-d2154f3f93e7}*SharedItemsImports = 4
	EndGlobalSection
	GlobalSection(SolutionConfigurationPlatforms) = preSolution
		Debug|Any CPU = Debug|Any CPU
		Debug|ARM = Debug|ARM
		Debug|x64 = Debug|x64
		Debug|x86 = Debug|x86
		DebugWP|Any CPU = DebugWP|Any CPU
		DebugWP|ARM = DebugWP|ARM
		DebugWP|x64 = DebugWP|x64
		DebugWP|x86 = DebugWP|x86
		Release|Any CPU = Release|Any CPU
		Release|ARM = Release|ARM
		Release|x64 = Release|x64
		Release|x86 = Release|x86
	EndGlobalSection
	GlobalSection(ProjectConfigurationPlatforms) = postSolution
		{4FC1B1E9-67A7-4CDF-8118-E4B7ACEE54BB}.Debug|Any CPU.ActiveCfg = Debug|Any CPU
		{4FC1B1E9-67A7-4CDF-8118-E4B7ACEE54BB}.Debug|Any CPU.Build.0 = Debug|Any CPU
		{4FC1B1E9-67A7-4CDF-8118-E4B7ACEE54BB}.Debug|Any CPU.Deploy.0 = Debug|Any CPU
		{4FC1B1E9-67A7-4CDF-8118-E4B7ACEE54BB}.Debug|ARM.ActiveCfg = Debug|ARM
		{4FC1B1E9-67A7-4CDF-8118-E4B7ACEE54BB}.Debug|ARM.Build.0 = Debug|ARM
		{4FC1B1E9-67A7-4CDF-8118-E4B7ACEE54BB}.Debug|ARM.Deploy.0 = Debug|ARM
		{4FC1B1E9-67A7-4CDF-8118-E4B7ACEE54BB}.Debug|x64.ActiveCfg = Debug|x64
		{4FC1B1E9-67A7-4CDF-8118-E4B7ACEE54BB}.Debug|x64.Build.0 = Debug|x64
		{4FC1B1E9-67A7-4CDF-8118-E4B7ACEE54BB}.Debug|x64.Deploy.0 = Debug|x64
		{4FC1B1E9-67A7-4CDF-8118-E4B7ACEE54BB}.Debug|x86.ActiveCfg = Debug|x86
		{4FC1B1E9-67A7-4CDF-8118-E4B7ACEE54BB}.Debug|x86.Build.0 = Debug|x86
		{4FC1B1E9-67A7-4CDF-8118-E4B7ACEE54BB}.Debug|x86.Deploy.0 = Debug|x86
		{4FC1B1E9-67A7-4CDF-8118-E4B7ACEE54BB}.DebugWP|Any CPU.ActiveCfg = DebugWP|Any CPU
		{4FC1B1E9-67A7-4CDF-8118-E4B7ACEE54BB}.DebugWP|Any CPU.Build.0 = DebugWP|Any CPU
		{4FC1B1E9-67A7-4CDF-8118-E4B7ACEE54BB}.DebugWP|Any CPU.Deploy.0 = DebugWP|Any CPU
		{4FC1B1E9-67A7-4CDF-8118-E4B7ACEE54BB}.DebugWP|ARM.ActiveCfg = DebugWP|ARM
		{4FC1B1E9-67A7-4CDF-8118-E4B7ACEE54BB}.DebugWP|ARM.Build.0 = DebugWP|ARM
		{4FC1B1E9-67A7-4CDF-8118-E4B7ACEE54BB}.DebugWP|ARM.Deploy.0 = DebugWP|ARM
		{4FC1B1E9-67A7-4CDF-8118-E4B7ACEE54BB}.DebugWP|x64.ActiveCfg = DebugWP|x64
		{4FC1B1E9-67A7-4CDF-8118-E4B7ACEE54BB}.DebugWP|x64.Build.0 = DebugWP|x64
		{4FC1B1E9-67A7-4CDF-8118-E4B7ACEE54BB}.DebugWP|x64.Deploy.0 = DebugWP|x64
		{4FC1B1E9-67A7-4CDF-8118-E4B7ACEE54BB}.DebugWP|x86.ActiveCfg = DebugWP|x86
		{4FC1B1E9-67A7-4CDF-8118-E4B7ACEE54BB}.DebugWP|x86.Build.0 = DebugWP|x86
		{4FC1B1E9-67A7-4CDF-8118-E4B7ACEE54BB}.DebugWP|x86.Deploy.0 = DebugWP|x86
		{4FC1B1E9-67A7-4CDF-8118-E4B7ACEE54BB}.Release|Any CPU.ActiveCfg = Release|Any CPU
		{4FC1B1E9-67A7-4CDF-8118-E4B7ACEE54BB}.Release|Any CPU.Build.0 = Release|Any CPU
		{4FC1B1E9-67A7-4CDF-8118-E4B7ACEE54BB}.Release|Any CPU.Deploy.0 = Release|Any CPU
		{4FC1B1E9-67A7-4CDF-8118-E4B7ACEE54BB}.Release|ARM.ActiveCfg = Release|ARM
		{4FC1B1E9-67A7-4CDF-8118-E4B7ACEE54BB}.Release|ARM.Build.0 = Release|ARM
		{4FC1B1E9-67A7-4CDF-8118-E4B7ACEE54BB}.Release|ARM.Deploy.0 = Release|ARM
		{4FC1B1E9-67A7-4CDF-8118-E4B7ACEE54BB}.Release|x64.ActiveCfg = Release|x64
		{4FC1B1E9-67A7-4CDF-8118-E4B7ACEE54BB}.Release|x64.Build.0 = Release|x64
		{4FC1B1E9-67A7-4CDF-8118-E4B7ACEE54BB}.Release|x64.Deploy.0 = Release|x64
		{4FC1B1E9-67A7-4CDF-8118-E4B7ACEE54BB}.Release|x86.ActiveCfg = Release|x86
		{4FC1B1E9-67A7-4CDF-8118-E4B7ACEE54BB}.Release|x86.Build.0 = Release|x86
		{4FC1B1E9-67A7-4CDF-8118-E4B7ACEE54BB}.Release|x86.Deploy.0 = Release|x86
		{2C4B1565-D6F0-4A1B-AED9-D2154F3F93E7}.Debug|Any CPU.ActiveCfg = Debug|Any CPU
		{2C4B1565-D6F0-4A1B-AED9-D2154F3F93E7}.Debug|Any CPU.Build.0 = Debug|Any CPU
		{2C4B1565-D6F0-4A1B-AED9-D2154F3F93E7}.Debug|Any CPU.Deploy.0 = Debug|Any CPU
		{2C4B1565-D6F0-4A1B-AED9-D2154F3F93E7}.Debug|ARM.ActiveCfg = Debug|ARM
		{2C4B1565-D6F0-4A1B-AED9-D2154F3F93E7}.Debug|ARM.Build.0 = Debug|ARM
		{2C4B1565-D6F0-4A1B-AED9-D2154F3F93E7}.Debug|ARM.Deploy.0 = Debug|ARM
		{2C4B1565-D6F0-4A1B-AED9-D2154F3F93E7}.Debug|x64.ActiveCfg = Debug|Any CPU
		{2C4B1565-D6F0-4A1B-AED9-D2154F3F93E7}.Debug|x86.ActiveCfg = Debug|x86
		{2C4B1565-D6F0-4A1B-AED9-D2154F3F93E7}.Debug|x86.Build.0 = Debug|x86
		{2C4B1565-D6F0-4A1B-AED9-D2154F3F93E7}.Debug|x86.Deploy.0 = Debug|x86
		{2C4B1565-D6F0-4A1B-AED9-D2154F3F93E7}.DebugWP|Any CPU.ActiveCfg = DebugWP|Any CPU
		{2C4B1565-D6F0-4A1B-AED9-D2154F3F93E7}.DebugWP|Any CPU.Build.0 = DebugWP|Any CPU
		{2C4B1565-D6F0-4A1B-AED9-D2154F3F93E7}.DebugWP|Any CPU.Deploy.0 = DebugWP|Any CPU
		{2C4B1565-D6F0-4A1B-AED9-D2154F3F93E7}.DebugWP|ARM.ActiveCfg = DebugWP|ARM
		{2C4B1565-D6F0-4A1B-AED9-D2154F3F93E7}.DebugWP|ARM.Build.0 = DebugWP|ARM
		{2C4B1565-D6F0-4A1B-AED9-D2154F3F93E7}.DebugWP|ARM.Deploy.0 = DebugWP|ARM
		{2C4B1565-D6F0-4A1B-AED9-D2154F3F93E7}.DebugWP|x64.ActiveCfg = DebugWP|Any CPU
		{2C4B1565-D6F0-4A1B-AED9-D2154F3F93E7}.DebugWP|x86.ActiveCfg = DebugWP|x86
		{2C4B1565-D6F0-4A1B-AED9-D2154F3F93E7}.DebugWP|x86.Build.0 = DebugWP|x86
		{2C4B1565-D6F0-4A1B-AED9-D2154F3F93E7}.DebugWP|x86.Deploy.0 = DebugWP|x86
		{2C4B1565-D6F0-4A1B-AED9-D2154F3F93E7}.Release|Any CPU.ActiveCfg = Release|Any CPU
		{2C4B1565-D6F0-4A1B-AED9-D2154F3F93E7}.Release|Any CPU.Build.0 = Release|Any CPU
		{2C4B1565-D6F0-4A1B-AED9-D2154F3F93E7}.Release|Any CPU.Deploy.0 = Release|Any CPU
		{2C4B1565-D6F0-4A1B-AED9-D2154F3F93E7}.Release|ARM.ActiveCfg = Release|ARM
		{2C4B1565-D6F0-4A1B-AED9-D2154F3F93E7}.Release|ARM.Build.0 = Release|ARM
		{2C4B1565-D6F0-4A1B-AED9-D2154F3F93E7}.Release|ARM.Deploy.0 = Release|ARM
		{2C4B1565-D6F0-4A1B-AED9-D2154F3F93E7}.Release|x64.ActiveCfg = Release|Any CPU
		{2C4B1565-D6F0-4A1B-AED9-D2154F3F93E7}.Release|x86.ActiveCfg = Release|x86
		{2C4B1565-D6F0-4A1B-AED9-D2154F3F93E7}.Release|x86.Build.0 = Release|x86
		{2C4B1565-D6F0-4A1B-AED9-D2154F3F93E7}.Release|x86.Deploy.0 = Release|x86
		{AB5F5FBA-5EC6-4D62-8E5A-2884B3589919}.Debug|Any CPU.ActiveCfg = Debug|Any CPU
		{AB5F5FBA-5EC6-4D62-8E5A-2884B3589919}.Debug|Any CPU.Build.0 = Debug|Any CPU
		{AB5F5FBA-5EC6-4D62-8E5A-2884B3589919}.Debug|ARM.ActiveCfg = Debug|Any CPU
		{AB5F5FBA-5EC6-4D62-8E5A-2884B3589919}.Debug|x64.ActiveCfg = Debug|Any CPU
		{AB5F5FBA-5EC6-4D62-8E5A-2884B3589919}.Debug|x86.ActiveCfg = Debug|Any CPU
		{AB5F5FBA-5EC6-4D62-8E5A-2884B3589919}.DebugWP|Any CPU.ActiveCfg = Debug|Any CPU
		{AB5F5FBA-5EC6-4D62-8E5A-2884B3589919}.DebugWP|Any CPU.Build.0 = Debug|Any CPU
		{AB5F5FBA-5EC6-4D62-8E5A-2884B3589919}.DebugWP|ARM.ActiveCfg = Debug|Any CPU
		{AB5F5FBA-5EC6-4D62-8E5A-2884B3589919}.DebugWP|x64.ActiveCfg = Debug|Any CPU
		{AB5F5FBA-5EC6-4D62-8E5A-2884B3589919}.DebugWP|x86.ActiveCfg = Debug|Any CPU
		{AB5F5FBA-5EC6-4D62-8E5A-2884B3589919}.Release|Any CPU.ActiveCfg = Release|Any CPU
		{AB5F5FBA-5EC6-4D62-8E5A-2884B3589919}.Release|Any CPU.Build.0 = Release|Any CPU
		{AB5F5FBA-5EC6-4D62-8E5A-2884B3589919}.Release|ARM.ActiveCfg = Release|Any CPU
		{AB5F5FBA-5EC6-4D62-8E5A-2884B3589919}.Release|x64.ActiveCfg = Release|Any CPU
		{AB5F5FBA-5EC6-4D62-8E5A-2884B3589919}.Release|x86.ActiveCfg = Release|Any CPU
	EndGlobalSection
	GlobalSection(SolutionProperties) = preSolution
		HideSolutionNode = FALSE
	EndGlobalSection
	GlobalSection(NestedProjects) = preSolution
		{A01EFCAE-F3DA-43DC-9568-B6B31C0AFC4B} = {B6A305C4-1ACC-45D9-B53E-5ADA5CFA6E1B}
		{4FC1B1E9-67A7-4CDF-8118-E4B7ACEE54BB} = {B6A305C4-1ACC-45D9-B53E-5ADA5CFA6E1B}
		{2C4B1565-D6F0-4A1B-AED9-D2154F3F93E7} = {B6A305C4-1ACC-45D9-B53E-5ADA5CFA6E1B}
	EndGlobalSection
EndGlobal
